// !$*UTF8*$!
{
	archiveVersion = 1;
	classes = {
	};
	objectVersion = 51;
	objects = {

/* Begin PBXBuildFile section */
		47EEBBA1504638CBCBF4B213 /* Pods_Diss_Hits.framework in Frameworks */ = {isa = PBXBuildFile; fileRef = 3623A5D4BB56E754E379B082 /* Pods_Diss_Hits.framework */; };
		B88031ED262635120031C869 /* MusicPlayerViewController.swift in Sources */ = {isa = PBXBuildFile; fileRef = B88031EC262635120031C869 /* MusicPlayerViewController.swift */; };
		B88031F0262635920031C869 /* Lobo Loco - Comming Back - Instrumental (ID 1355).mp3 in Resources */ = {isa = PBXBuildFile; fileRef = B88031EF262635920031C869 /* Lobo Loco - Comming Back - Instrumental (ID 1355).mp3 */; };
		CF88C79F261D2DEA00C479B2 /* AppDelegate.swift in Sources */ = {isa = PBXBuildFile; fileRef = CF88C79E261D2DEA00C479B2 /* AppDelegate.swift */; };
		CF88C7A1261D2DEA00C479B2 /* SceneDelegate.swift in Sources */ = {isa = PBXBuildFile; fileRef = CF88C7A0261D2DEA00C479B2 /* SceneDelegate.swift */; };
		CF88C7A3261D2DEA00C479B2 /* ViewController.swift in Sources */ = {isa = PBXBuildFile; fileRef = CF88C7A2261D2DEA00C479B2 /* ViewController.swift */; };
		CF88C7A6261D2DEA00C479B2 /* Main.storyboard in Resources */ = {isa = PBXBuildFile; fileRef = CF88C7A4261D2DEA00C479B2 /* Main.storyboard */; };
		CF88C7A8261D2DEA00C479B2 /* Assets.xcassets in Resources */ = {isa = PBXBuildFile; fileRef = CF88C7A7261D2DEA00C479B2 /* Assets.xcassets */; };
		CF88C7AB261D2DEA00C479B2 /* LaunchScreen.storyboard in Resources */ = {isa = PBXBuildFile; fileRef = CF88C7A9261D2DEA00C479B2 /* LaunchScreen.storyboard */; };
/* End PBXBuildFile section */

/* Begin PBXFileReference section */
		3623A5D4BB56E754E379B082 /* Pods_Diss_Hits.framework */ = {isa = PBXFileReference; explicitFileType = wrapper.framework; includeInIndex = 0; path = Pods_Diss_Hits.framework; sourceTree = BUILT_PRODUCTS_DIR; };
		51E522DA6473670EAD4B8BF3 /* Pods-Diss-Hits.release.xcconfig */ = {isa = PBXFileReference; includeInIndex = 1; lastKnownFileType = text.xcconfig; name = "Pods-Diss-Hits.release.xcconfig"; path = "Target Support Files/Pods-Diss-Hits/Pods-Diss-Hits.release.xcconfig"; sourceTree = "<group>"; };
		B88031EC262635120031C869 /* MusicPlayerViewController.swift */ = {isa = PBXFileReference; lastKnownFileType = sourcecode.swift; path = MusicPlayerViewController.swift; sourceTree = "<group>"; };
		B88031EF262635920031C869 /* Lobo Loco - Comming Back - Instrumental (ID 1355).mp3 */ = {isa = PBXFileReference; lastKnownFileType = audio.mp3; path = "Lobo Loco - Comming Back - Instrumental (ID 1355).mp3"; sourceTree = "<group>"; };
		CF88C79B261D2DEA00C479B2 /* Diss-Hits.app */ = {isa = PBXFileReference; explicitFileType = wrapper.application; includeInIndex = 0; path = "Diss-Hits.app"; sourceTree = BUILT_PRODUCTS_DIR; };
		CF88C79E261D2DEA00C479B2 /* AppDelegate.swift */ = {isa = PBXFileReference; lastKnownFileType = sourcecode.swift; path = AppDelegate.swift; sourceTree = "<group>"; };
		CF88C7A0261D2DEA00C479B2 /* SceneDelegate.swift */ = {isa = PBXFileReference; lastKnownFileType = sourcecode.swift; path = SceneDelegate.swift; sourceTree = "<group>"; };
		CF88C7A2261D2DEA00C479B2 /* ViewController.swift */ = {isa = PBXFileReference; lastKnownFileType = sourcecode.swift; path = ViewController.swift; sourceTree = "<group>"; };
		CF88C7A5261D2DEA00C479B2 /* Base */ = {isa = PBXFileReference; lastKnownFileType = file.storyboard; name = Base; path = Base.lproj/Main.storyboard; sourceTree = "<group>"; };
		CF88C7A7261D2DEA00C479B2 /* Assets.xcassets */ = {isa = PBXFileReference; lastKnownFileType = folder.assetcatalog; path = Assets.xcassets; sourceTree = "<group>"; };
		CF88C7AA261D2DEA00C479B2 /* Base */ = {isa = PBXFileReference; lastKnownFileType = file.storyboard; name = Base; path = Base.lproj/LaunchScreen.storyboard; sourceTree = "<group>"; };
		CF88C7AC261D2DEA00C479B2 /* Info.plist */ = {isa = PBXFileReference; lastKnownFileType = text.plist.xml; path = Info.plist; sourceTree = "<group>"; };
		D15D0088FB881A1D6EC3F0A2 /* Pods-Diss-Hits.debug.xcconfig */ = {isa = PBXFileReference; includeInIndex = 1; lastKnownFileType = text.xcconfig; name = "Pods-Diss-Hits.debug.xcconfig"; path = "Target Support Files/Pods-Diss-Hits/Pods-Diss-Hits.debug.xcconfig"; sourceTree = "<group>"; };
/* End PBXFileReference section */

/* Begin PBXFrameworksBuildPhase section */
		CF88C798261D2DEA00C479B2 /* Frameworks */ = {
			isa = PBXFrameworksBuildPhase;
			buildActionMask = 2147483647;
			files = (
				47EEBBA1504638CBCBF4B213 /* Pods_Diss_Hits.framework in Frameworks */,
			);
			runOnlyForDeploymentPostprocessing = 0;
		};
/* End PBXFrameworksBuildPhase section */

/* Begin PBXGroup section */
		795AFCEB5DE633FC05D25B8E /* Pods */ = {
			isa = PBXGroup;
			children = (
				D15D0088FB881A1D6EC3F0A2 /* Pods-Diss-Hits.debug.xcconfig */,
				51E522DA6473670EAD4B8BF3 /* Pods-Diss-Hits.release.xcconfig */,
			);
			path = Pods;
			sourceTree = "<group>";
		};
		CF88C792261D2DEA00C479B2 = {
			isa = PBXGroup;
			children = (
				CF88C79D261D2DEA00C479B2 /* Diss-Hits */,
				CF88C79C261D2DEA00C479B2 /* Products */,
				795AFCEB5DE633FC05D25B8E /* Pods */,
				D88758CDD44E851205ED9888 /* Frameworks */,
			);
			sourceTree = "<group>";
		};
		CF88C79C261D2DEA00C479B2 /* Products */ = {
			isa = PBXGroup;
			children = (
				CF88C79B261D2DEA00C479B2 /* Diss-Hits.app */,
			);
			name = Products;
			sourceTree = "<group>";
		};
		CF88C79D261D2DEA00C479B2 /* Diss-Hits */ = {
			isa = PBXGroup;
			children = (
				B88031EF262635920031C869 /* Lobo Loco - Comming Back - Instrumental (ID 1355).mp3 */,
				CF88C79E261D2DEA00C479B2 /* AppDelegate.swift */,
				CF88C7A0261D2DEA00C479B2 /* SceneDelegate.swift */,
				CF88C7A2261D2DEA00C479B2 /* ViewController.swift */,
				CF88C7A4261D2DEA00C479B2 /* Main.storyboard */,
				CF88C7A7261D2DEA00C479B2 /* Assets.xcassets */,
				CF88C7A9261D2DEA00C479B2 /* LaunchScreen.storyboard */,
				CF88C7AC261D2DEA00C479B2 /* Info.plist */,
				B88031EC262635120031C869 /* MusicPlayerViewController.swift */,
			);
			path = "Diss-Hits";
			sourceTree = "<group>";
		};
		D88758CDD44E851205ED9888 /* Frameworks */ = {
			isa = PBXGroup;
			children = (
				3623A5D4BB56E754E379B082 /* Pods_Diss_Hits.framework */,
			);
			name = Frameworks;
			sourceTree = "<group>";
		};
/* End PBXGroup section */

/* Begin PBXNativeTarget section */
		CF88C79A261D2DEA00C479B2 /* Diss-Hits */ = {
			isa = PBXNativeTarget;
			buildConfigurationList = CF88C7AF261D2DEA00C479B2 /* Build configuration list for PBXNativeTarget "Diss-Hits" */;
			buildPhases = (
				E3DE98E3AD242A1B99036411 /* [CP] Check Pods Manifest.lock */,
				CF88C797261D2DEA00C479B2 /* Sources */,
				CF88C798261D2DEA00C479B2 /* Frameworks */,
				CF88C799261D2DEA00C479B2 /* Resources */,
				E7024788836F1103D337582F /* [CP] Embed Pods Frameworks */,
				5C3FAFAC870D142F5ACB0322 /* [CP] Copy Pods Resources */,
			);
			buildRules = (
			);
			dependencies = (
			);
			name = "Diss-Hits";
			productName = "Diss-Hits";
			productReference = CF88C79B261D2DEA00C479B2 /* Diss-Hits.app */;
			productType = "com.apple.product-type.application";
		};
/* End PBXNativeTarget section */

/* Begin PBXProject section */
		CF88C793261D2DEA00C479B2 /* Project object */ = {
			isa = PBXProject;
			attributes = {
				LastSwiftUpdateCheck = 1240;
				LastUpgradeCheck = 1240;
				TargetAttributes = {
					CF88C79A261D2DEA00C479B2 = {
						CreatedOnToolsVersion = 12.4;
					};
				};
			};
			buildConfigurationList = CF88C796261D2DEA00C479B2 /* Build configuration list for PBXProject "Diss-Hits" */;
			compatibilityVersion = "Xcode 9.3";
			developmentRegion = en;
			hasScannedForEncodings = 0;
			knownRegions = (
				en,
				Base,
			);
			mainGroup = CF88C792261D2DEA00C479B2;
			productRefGroup = CF88C79C261D2DEA00C479B2 /* Products */;
			projectDirPath = "";
			projectRoot = "";
			targets = (
				CF88C79A261D2DEA00C479B2 /* Diss-Hits */,
			);
		};
/* End PBXProject section */

/* Begin PBXResourcesBuildPhase section */
		CF88C799261D2DEA00C479B2 /* Resources */ = {
			isa = PBXResourcesBuildPhase;
			buildActionMask = 2147483647;
			files = (
				CF88C7AB261D2DEA00C479B2 /* LaunchScreen.storyboard in Resources */,
				CF88C7A8261D2DEA00C479B2 /* Assets.xcassets in Resources */,
				CF88C7A6261D2DEA00C479B2 /* Main.storyboard in Resources */,
				B88031F0262635920031C869 /* Lobo Loco - Comming Back - Instrumental (ID 1355).mp3 in Resources */,
			);
			runOnlyForDeploymentPostprocessing = 0;
		};
/* End PBXResourcesBuildPhase section */

/* Begin PBXShellScriptBuildPhase section */
		5C3FAFAC870D142F5ACB0322 /* [CP] Copy Pods Resources */ = {
			isa = PBXShellScriptBuildPhase;
			buildActionMask = 2147483647;
			files = (
			);
			inputFileListPaths = (
				"${PODS_ROOT}/Target Support Files/Pods-Diss-Hits/Pods-Diss-Hits-resources-${CONFIGURATION}-input-files.xcfilelist",
			);
			name = "[CP] Copy Pods Resources";
			outputFileListPaths = (
				"${PODS_ROOT}/Target Support Files/Pods-Diss-Hits/Pods-Diss-Hits-resources-${CONFIGURATION}-output-files.xcfilelist",
			);
			runOnlyForDeploymentPostprocessing = 0;
			shellPath = /bin/sh;
			shellScript = "\"${PODS_ROOT}/Target Support Files/Pods-Diss-Hits/Pods-Diss-Hits-resources.sh\"\n";
			showEnvVarsInLog = 0;
		};
		E3DE98E3AD242A1B99036411 /* [CP] Check Pods Manifest.lock */ = {
			isa = PBXShellScriptBuildPhase;
			buildActionMask = 2147483647;
			files = (
			);
			inputFileListPaths = (
			);
			inputPaths = (
				"${PODS_PODFILE_DIR_PATH}/Podfile.lock",
				"${PODS_ROOT}/Manifest.lock",
			);
			name = "[CP] Check Pods Manifest.lock";
			outputFileListPaths = (
			);
			outputPaths = (
				"$(DERIVED_FILE_DIR)/Pods-Diss-Hits-checkManifestLockResult.txt",
			);
			runOnlyForDeploymentPostprocessing = 0;
			shellPath = /bin/sh;
			shellScript = "diff \"${PODS_PODFILE_DIR_PATH}/Podfile.lock\" \"${PODS_ROOT}/Manifest.lock\" > /dev/null\nif [ $? != 0 ] ; then\n    # print error to STDERR\n    echo \"error: The sandbox is not in sync with the Podfile.lock. Run 'pod install' or update your CocoaPods installation.\" >&2\n    exit 1\nfi\n# This output is used by Xcode 'outputs' to avoid re-running this script phase.\necho \"SUCCESS\" > \"${SCRIPT_OUTPUT_FILE_0}\"\n";
			showEnvVarsInLog = 0;
		};
		E7024788836F1103D337582F /* [CP] Embed Pods Frameworks */ = {
			isa = PBXShellScriptBuildPhase;
			buildActionMask = 2147483647;
			files = (
			);
			inputFileListPaths = (
				"${PODS_ROOT}/Target Support Files/Pods-Diss-Hits/Pods-Diss-Hits-frameworks-${CONFIGURATION}-input-files.xcfilelist",
			);
			name = "[CP] Embed Pods Frameworks";
			outputFileListPaths = (
				"${PODS_ROOT}/Target Support Files/Pods-Diss-Hits/Pods-Diss-Hits-frameworks-${CONFIGURATION}-output-files.xcfilelist",
			);
			runOnlyForDeploymentPostprocessing = 0;
			shellPath = /bin/sh;
			shellScript = "\"${PODS_ROOT}/Target Support Files/Pods-Diss-Hits/Pods-Diss-Hits-frameworks.sh\"\n";
			showEnvVarsInLog = 0;
		};
/* End PBXShellScriptBuildPhase section */

/* Begin PBXSourcesBuildPhase section */
		CF88C797261D2DEA00C479B2 /* Sources */ = {
			isa = PBXSourcesBuildPhase;
			buildActionMask = 2147483647;
			files = (
				CF88C7A3261D2DEA00C479B2 /* ViewController.swift in Sources */,
				CF88C79F261D2DEA00C479B2 /* AppDelegate.swift in Sources */,
				CF88C7A1261D2DEA00C479B2 /* SceneDelegate.swift in Sources */,
				B88031ED262635120031C869 /* MusicPlayerViewController.swift in Sources */,
			);
			runOnlyForDeploymentPostprocessing = 0;
		};
/* End PBXSourcesBuildPhase section */

/* Begin PBXVariantGroup section */
		CF88C7A4261D2DEA00C479B2 /* Main.storyboard */ = {
			isa = PBXVariantGroup;
			children = (
				CF88C7A5261D2DEA00C479B2 /* Base */,
			);
			name = Main.storyboard;
			sourceTree = "<group>";
		};
		CF88C7A9261D2DEA00C479B2 /* LaunchScreen.storyboard */ = {
			isa = PBXVariantGroup;
			children = (
				CF88C7AA261D2DEA00C479B2 /* Base */,
			);
			name = LaunchScreen.storyboard;
			sourceTree = "<group>";
		};
/* End PBXVariantGroup section */

/* Begin XCBuildConfiguration section */
		CF88C7AD261D2DEA00C479B2 /* Debug */ = {
			isa = XCBuildConfiguration;
			buildSettings = {
				ALWAYS_SEARCH_USER_PATHS = NO;
				CLANG_ANALYZER_NONNULL = YES;
				CLANG_ANALYZER_NUMBER_OBJECT_CONVERSION = YES_AGGRESSIVE;
				CLANG_CXX_LANGUAGE_STANDARD = "gnu++14";
				CLANG_CXX_LIBRARY = "libc++";
				CLANG_ENABLE_MODULES = YES;
				CLANG_ENABLE_OBJC_ARC = YES;
				CLANG_ENABLE_OBJC_WEAK = YES;
				CLANG_WARN_BLOCK_CAPTURE_AUTORELEASING = YES;
				CLANG_WARN_BOOL_CONVERSION = YES;
				CLANG_WARN_COMMA = YES;
				CLANG_WARN_CONSTANT_CONVERSION = YES;
				CLANG_WARN_DEPRECATED_OBJC_IMPLEMENTATIONS = YES;
				CLANG_WARN_DIRECT_OBJC_ISA_USAGE = YES_ERROR;
				CLANG_WARN_DOCUMENTATION_COMMENTS = YES;
				CLANG_WARN_EMPTY_BODY = YES;
				CLANG_WARN_ENUM_CONVERSION = YES;
				CLANG_WARN_INFINITE_RECURSION = YES;
				CLANG_WARN_INT_CONVERSION = YES;
				CLANG_WARN_NON_LITERAL_NULL_CONVERSION = YES;
				CLANG_WARN_OBJC_IMPLICIT_RETAIN_SELF = YES;
				CLANG_WARN_OBJC_LITERAL_CONVERSION = YES;
				CLANG_WARN_OBJC_ROOT_CLASS = YES_ERROR;
				CLANG_WARN_QUOTED_INCLUDE_IN_FRAMEWORK_HEADER = YES;
				CLANG_WARN_RANGE_LOOP_ANALYSIS = YES;
				CLANG_WARN_STRICT_PROTOTYPES = YES;
				CLANG_WARN_SUSPICIOUS_MOVE = YES;
				CLANG_WARN_UNGUARDED_AVAILABILITY = YES_AGGRESSIVE;
				CLANG_WARN_UNREACHABLE_CODE = YES;
				CLANG_WARN__DUPLICATE_METHOD_MATCH = YES;
				COPY_PHASE_STRIP = NO;
				DEBUG_INFORMATION_FORMAT = dwarf;
				ENABLE_STRICT_OBJC_MSGSEND = YES;
				ENABLE_TESTABILITY = YES;
				GCC_C_LANGUAGE_STANDARD = gnu11;
				GCC_DYNAMIC_NO_PIC = NO;
				GCC_NO_COMMON_BLOCKS = YES;
				GCC_OPTIMIZATION_LEVEL = 0;
				GCC_PREPROCESSOR_DEFINITIONS = (
					"DEBUG=1",
					"$(inherited)",
				);
				GCC_WARN_64_TO_32_BIT_CONVERSION = YES;
				GCC_WARN_ABOUT_RETURN_TYPE = YES_ERROR;
				GCC_WARN_UNDECLARED_SELECTOR = YES;
				GCC_WARN_UNINITIALIZED_AUTOS = YES_AGGRESSIVE;
				GCC_WARN_UNUSED_FUNCTION = YES;
				GCC_WARN_UNUSED_VARIABLE = YES;
				IPHONEOS_DEPLOYMENT_TARGET = 14.4;
				MTL_ENABLE_DEBUG_INFO = INCLUDE_SOURCE;
				MTL_FAST_MATH = YES;
				ONLY_ACTIVE_ARCH = YES;
				SDKROOT = iphoneos;
				SWIFT_ACTIVE_COMPILATION_CONDITIONS = DEBUG;
				SWIFT_OPTIMIZATION_LEVEL = "-Onone";
				VALIDATE_PRODUCT = YES;
				VALIDATE_WORKSPACE = YES;
			};
			name = Debug;
		};
		CF88C7AE261D2DEA00C479B2 /* Release */ = {
			isa = XCBuildConfiguration;
			buildSettings = {
				ALWAYS_SEARCH_USER_PATHS = NO;
				CLANG_ANALYZER_NONNULL = YES;
				CLANG_ANALYZER_NUMBER_OBJECT_CONVERSION = YES_AGGRESSIVE;
				CLANG_CXX_LANGUAGE_STANDARD = "gnu++14";
				CLANG_CXX_LIBRARY = "libc++";
				CLANG_ENABLE_MODULES = YES;
				CLANG_ENABLE_OBJC_ARC = YES;
				CLANG_ENABLE_OBJC_WEAK = YES;
				CLANG_WARN_BLOCK_CAPTURE_AUTORELEASING = YES;
				CLANG_WARN_BOOL_CONVERSION = YES;
				CLANG_WARN_COMMA = YES;
				CLANG_WARN_CONSTANT_CONVERSION = YES;
				CLANG_WARN_DEPRECATED_OBJC_IMPLEMENTATIONS = YES;
				CLANG_WARN_DIRECT_OBJC_ISA_USAGE = YES_ERROR;
				CLANG_WARN_DOCUMENTATION_COMMENTS = YES;
				CLANG_WARN_EMPTY_BODY = YES;
				CLANG_WARN_ENUM_CONVERSION = YES;
				CLANG_WARN_INFINITE_RECURSION = YES;
				CLANG_WARN_INT_CONVERSION = YES;
				CLANG_WARN_NON_LITERAL_NULL_CONVERSION = YES;
				CLANG_WARN_OBJC_IMPLICIT_RETAIN_SELF = YES;
				CLANG_WARN_OBJC_LITERAL_CONVERSION = YES;
				CLANG_WARN_OBJC_ROOT_CLASS = YES_ERROR;
				CLANG_WARN_QUOTED_INCLUDE_IN_FRAMEWORK_HEADER = YES;
				CLANG_WARN_RANGE_LOOP_ANALYSIS = YES;
				CLANG_WARN_STRICT_PROTOTYPES = YES;
				CLANG_WARN_SUSPICIOUS_MOVE = YES;
				CLANG_WARN_UNGUARDED_AVAILABILITY = YES_AGGRESSIVE;
				CLANG_WARN_UNREACHABLE_CODE = YES;
				CLANG_WARN__DUPLICATE_METHOD_MATCH = YES;
				COPY_PHASE_STRIP = NO;
				DEBUG_INFORMATION_FORMAT = "dwarf-with-dsym";
				ENABLE_NS_ASSERTIONS = NO;
				ENABLE_STRICT_OBJC_MSGSEND = YES;
				GCC_C_LANGUAGE_STANDARD = gnu11;
				GCC_NO_COMMON_BLOCKS = YES;
				GCC_WARN_64_TO_32_BIT_CONVERSION = YES;
				GCC_WARN_ABOUT_RETURN_TYPE = YES_ERROR;
				GCC_WARN_UNDECLARED_SELECTOR = YES;
				GCC_WARN_UNINITIALIZED_AUTOS = YES_AGGRESSIVE;
				GCC_WARN_UNUSED_FUNCTION = YES;
				GCC_WARN_UNUSED_VARIABLE = YES;
				IPHONEOS_DEPLOYMENT_TARGET = 14.4;
				MTL_ENABLE_DEBUG_INFO = NO;
				MTL_FAST_MATH = YES;
				SDKROOT = iphoneos;
				SWIFT_COMPILATION_MODE = wholemodule;
				SWIFT_OPTIMIZATION_LEVEL = "-O";
				VALIDATE_PRODUCT = YES;
				VALIDATE_WORKSPACE = YES;
			};
			name = Release;
		};
		CF88C7B0261D2DEA00C479B2 /* Debug */ = {
			isa = XCBuildConfiguration;
			baseConfigurationReference = D15D0088FB881A1D6EC3F0A2 /* Pods-Diss-Hits.debug.xcconfig */;
			buildSettings = {
				ASSETCATALOG_COMPILER_APPICON_NAME = AppIcon;
				ASSETCATALOG_COMPILER_GLOBAL_ACCENT_COLOR_NAME = AccentColor;
				CODE_SIGN_STYLE = Automatic;
				"EXCLUDED_ARCHS[sdk=iphonesimulator*]" = arm64;
				INFOPLIST_FILE = "Diss-Hits/Info.plist";
				LD_RUNPATH_SEARCH_PATHS = (
					"$(inherited)",
					"@executable_path/Frameworks",
				);
				PRODUCT_BUNDLE_IDENTIFIER = "voraphi.Diss-Hits";
				PRODUCT_NAME = "$(TARGET_NAME)";
				SWIFT_VERSION = 5.0;
				TARGETED_DEVICE_FAMILY = "1,2";
				VALIDATE_PRODUCT = NO;
				VALIDATE_WORKSPACE = YES;
			};
			name = Debug;
		};
		CF88C7B1261D2DEA00C479B2 /* Release */ = {
			isa = XCBuildConfiguration;
			baseConfigurationReference = 51E522DA6473670EAD4B8BF3 /* Pods-Diss-Hits.release.xcconfig */;
			buildSettings = {
				ASSETCATALOG_COMPILER_APPICON_NAME = AppIcon;
				ASSETCATALOG_COMPILER_GLOBAL_ACCENT_COLOR_NAME = AccentColor;
				CODE_SIGN_STYLE = Automatic;
				INFOPLIST_FILE = "Diss-Hits/Info.plist";
				LD_RUNPATH_SEARCH_PATHS = (
					"$(inherited)",
					"@executable_path/Frameworks",
				);
				PRODUCT_BUNDLE_IDENTIFIER = "voraphi.Diss-Hits";
				PRODUCT_NAME = "$(TARGET_NAME)";
				SWIFT_VERSION = 5.0;
				TARGETED_DEVICE_FAMILY = "1,2";
				VALIDATE_WORKSPACE = YES;
			};
			name = Release;
		};
/* End XCBuildConfiguration section */

/* Begin XCConfigurationList section */
		CF88C796261D2DEA00C479B2 /* Build configuration list for PBXProject "Diss-Hits" */ = {
			isa = XCConfigurationList;
			buildConfigurations = (
				CF88C7AD261D2DEA00C479B2 /* Debug */,
				CF88C7AE261D2DEA00C479B2 /* Release */,
			);
			defaultConfigurationIsVisible = 0;
			defaultConfigurationName = Release;
		};
		CF88C7AF261D2DEA00C479B2 /* Build configuration list for PBXNativeTarget "Diss-Hits" */ = {
			isa = XCConfigurationList;
			buildConfigurations = (
				CF88C7B0261D2DEA00C479B2 /* Debug */,
				CF88C7B1261D2DEA00C479B2 /* Release */,
			);
			defaultConfigurationIsVisible = 0;
			defaultConfigurationName = Release;
		};
/* End XCConfigurationList section */
	};
	rootObject = CF88C793261D2DEA00C479B2 /* Project object */;
}
